// !$*UTF8*$!
{
	archiveVersion = 1;
	classes = {
	};
	objectVersion = 55;
	objects = {

/* Begin PBXBuildFile section */
		FC4C040929EFFC5E00CB5793 /* AppDelegate.m in Sources */ = {isa = PBXBuildFile; fileRef = FC4C040829EFFC5E00CB5793 /* AppDelegate.m */; };
		FC4C040C29EFFC5E00CB5793 /* SceneDelegate.m in Sources */ = {isa = PBXBuildFile; fileRef = FC4C040B29EFFC5E00CB5793 /* SceneDelegate.m */; };
		FC4C040F29EFFC5E00CB5793 /* ViewController.m in Sources */ = {isa = PBXBuildFile; fileRef = FC4C040E29EFFC5E00CB5793 /* ViewController.m */; };
		FC4C041229EFFC5E00CB5793 /* Main.storyboard in Resources */ = {isa = PBXBuildFile; fileRef = FC4C041029EFFC5E00CB5793 /* Main.storyboard */; };
		FC4C041429EFFC6000CB5793 /* Assets.xcassets in Resources */ = {isa = PBXBuildFile; fileRef = FC4C041329EFFC6000CB5793 /* Assets.xcassets */; };
		FC4C041729EFFC6000CB5793 /* LaunchScreen.storyboard in Resources */ = {isa = PBXBuildFile; fileRef = FC4C041529EFFC6000CB5793 /* LaunchScreen.storyboard */; };
		FC4C041A29EFFC6000CB5793 /* main.m in Sources */ = {isa = PBXBuildFile; fileRef = FC4C041929EFFC6000CB5793 /* main.m */; };
		FC4C042E29F01F6200CB5793 /* AppsFlyerSKAdNetworkSDKLessClient.framework in Frameworks */ = {isa = PBXBuildFile; fileRef = FC4C042129EFFE7800CB5793 /* AppsFlyerSKAdNetworkSDKLessClient.framework */; };
		FC4C042F29F01F6200CB5793 /* AppsFlyerSKAdNetworkSDKLessClient.framework in Embed Frameworks */ = {isa = PBXBuildFile; fileRef = FC4C042129EFFE7800CB5793 /* AppsFlyerSKAdNetworkSDKLessClient.framework */; settings = {ATTRIBUTES = (CodeSignOnCopy, RemoveHeadersOnCopy, ); }; };
/* End PBXBuildFile section */

/* Begin PBXCopyFilesBuildPhase section */
		FC4C043029F01F6200CB5793 /* Embed Frameworks */ = {
			isa = PBXCopyFilesBuildPhase;
			buildActionMask = 2147483647;
			dstPath = "";
			dstSubfolderSpec = 10;
			files = (
				FC4C042F29F01F6200CB5793 /* AppsFlyerSKAdNetworkSDKLessClient.framework in Embed Frameworks */,
			);
			name = "Embed Frameworks";
			runOnlyForDeploymentPostprocessing = 0;
		};
/* End PBXCopyFilesBuildPhase section */

/* Begin PBXFileReference section */
		FC4C040429EFFC5E00CB5793 /* ObjCExample.app */ = {isa = PBXFileReference; explicitFileType = wrapper.application; includeInIndex = 0; path = ObjCExample.app; sourceTree = BUILT_PRODUCTS_DIR; };
		FC4C040729EFFC5E00CB5793 /* AppDelegate.h */ = {isa = PBXFileReference; lastKnownFileType = sourcecode.c.h; path = AppDelegate.h; sourceTree = "<group>"; };
		FC4C040829EFFC5E00CB5793 /* AppDelegate.m */ = {isa = PBXFileReference; lastKnownFileType = sourcecode.c.objc; path = AppDelegate.m; sourceTree = "<group>"; };
		FC4C040A29EFFC5E00CB5793 /* SceneDelegate.h */ = {isa = PBXFileReference; lastKnownFileType = sourcecode.c.h; path = SceneDelegate.h; sourceTree = "<group>"; };
		FC4C040B29EFFC5E00CB5793 /* SceneDelegate.m */ = {isa = PBXFileReference; lastKnownFileType = sourcecode.c.objc; path = SceneDelegate.m; sourceTree = "<group>"; };
		FC4C040D29EFFC5E00CB5793 /* ViewController.h */ = {isa = PBXFileReference; lastKnownFileType = sourcecode.c.h; path = ViewController.h; sourceTree = "<group>"; };
		FC4C040E29EFFC5E00CB5793 /* ViewController.m */ = {isa = PBXFileReference; lastKnownFileType = sourcecode.c.objc; path = ViewController.m; sourceTree = "<group>"; };
		FC4C041129EFFC5E00CB5793 /* Base */ = {isa = PBXFileReference; lastKnownFileType = file.storyboard; name = Base; path = Base.lproj/Main.storyboard; sourceTree = "<group>"; };
		FC4C041329EFFC6000CB5793 /* Assets.xcassets */ = {isa = PBXFileReference; lastKnownFileType = folder.assetcatalog; path = Assets.xcassets; sourceTree = "<group>"; };
		FC4C041629EFFC6000CB5793 /* Base */ = {isa = PBXFileReference; lastKnownFileType = file.storyboard; name = Base; path = Base.lproj/LaunchScreen.storyboard; sourceTree = "<group>"; };
		FC4C041829EFFC6000CB5793 /* Info.plist */ = {isa = PBXFileReference; lastKnownFileType = text.plist.xml; path = Info.plist; sourceTree = "<group>"; };
		FC4C041929EFFC6000CB5793 /* main.m */ = {isa = PBXFileReference; lastKnownFileType = sourcecode.c.objc; path = main.m; sourceTree = "<group>"; };
		FC4C042129EFFE7800CB5793 /* AppsFlyerSKAdNetworkSDKLessClient.framework */ = {isa = PBXFileReference; explicitFileType = wrapper.framework; path = AppsFlyerSKAdNetworkSDKLessClient.framework; sourceTree = BUILT_PRODUCTS_DIR; };
/* End PBXFileReference section */

/* Begin PBXFrameworksBuildPhase section */
		FC4C040129EFFC5E00CB5793 /* Frameworks */ = {
			isa = PBXFrameworksBuildPhase;
			buildActionMask = 2147483647;
			files = (
				FC4C042E29F01F6200CB5793 /* AppsFlyerSKAdNetworkSDKLessClient.framework in Frameworks */,
			);
			runOnlyForDeploymentPostprocessing = 0;
		};
/* End PBXFrameworksBuildPhase section */

/* Begin PBXGroup section */
		FC4C03FB29EFFC5E00CB5793 = {
			isa = PBXGroup;
			children = (
				FC4C040629EFFC5E00CB5793 /* ObjCExample */,
				FC4C040529EFFC5E00CB5793 /* Products */,
				FC4C042029EFFE7800CB5793 /* Frameworks */,
			);
			sourceTree = "<group>";
		};
		FC4C040529EFFC5E00CB5793 /* Products */ = {
			isa = PBXGroup;
			children = (
				FC4C040429EFFC5E00CB5793 /* ObjCExample.app */,
			);
			name = Products;
			sourceTree = "<group>";
		};
		FC4C040629EFFC5E00CB5793 /* ObjCExample */ = {
			isa = PBXGroup;
			children = (
				FC4C040729EFFC5E00CB5793 /* AppDelegate.h */,
				FC4C040829EFFC5E00CB5793 /* AppDelegate.m */,
				FC4C040A29EFFC5E00CB5793 /* SceneDelegate.h */,
				FC4C040B29EFFC5E00CB5793 /* SceneDelegate.m */,
				FC4C040D29EFFC5E00CB5793 /* ViewController.h */,
				FC4C040E29EFFC5E00CB5793 /* ViewController.m */,
				FC4C041029EFFC5E00CB5793 /* Main.storyboard */,
				FC4C041329EFFC6000CB5793 /* Assets.xcassets */,
				FC4C041529EFFC6000CB5793 /* LaunchScreen.storyboard */,
				FC4C041829EFFC6000CB5793 /* Info.plist */,
				FC4C041929EFFC6000CB5793 /* main.m */,
			);
			path = ObjCExample;
			sourceTree = "<group>";
		};
		FC4C042029EFFE7800CB5793 /* Frameworks */ = {
			isa = PBXGroup;
			children = (
				FC4C042129EFFE7800CB5793 /* AppsFlyerSKAdNetworkSDKLessClient.framework */,
			);
			name = Frameworks;
			sourceTree = "<group>";
		};
/* End PBXGroup section */

/* Begin PBXNativeTarget section */
		FC4C040329EFFC5E00CB5793 /* ObjCExample */ = {
			isa = PBXNativeTarget;
			buildConfigurationList = FC4C041D29EFFC6000CB5793 /* Build configuration list for PBXNativeTarget "ObjCExample" */;
			buildPhases = (
				FC4C040029EFFC5E00CB5793 /* Sources */,
				FC4C040129EFFC5E00CB5793 /* Frameworks */,
				FC4C040229EFFC5E00CB5793 /* Resources */,
				FC4C043029F01F6200CB5793 /* Embed Frameworks */,
			);
			buildRules = (
			);
			dependencies = (
			);
			name = ObjCExample;
			productName = ObjCExample;
			productReference = FC4C040429EFFC5E00CB5793 /* ObjCExample.app */;
			productType = "com.apple.product-type.application";
		};
/* End PBXNativeTarget section */

/* Begin PBXProject section */
		FC4C03FC29EFFC5E00CB5793 /* Project object */ = {
			isa = PBXProject;
			attributes = {
				BuildIndependentTargetsInParallel = 1;
				LastUpgradeCheck = 1430;
				TargetAttributes = {
					FC4C040329EFFC5E00CB5793 = {
						CreatedOnToolsVersion = 14.3;
					};
				};
			};
			buildConfigurationList = FC4C03FF29EFFC5E00CB5793 /* Build configuration list for PBXProject "ObjCExample" */;
			compatibilityVersion = "Xcode 13.0";
			developmentRegion = en;
			hasScannedForEncodings = 0;
			knownRegions = (
				en,
				Base,
			);
			mainGroup = FC4C03FB29EFFC5E00CB5793;
			productRefGroup = FC4C040529EFFC5E00CB5793 /* Products */;
			projectDirPath = "";
			projectRoot = "";
			targets = (
				FC4C040329EFFC5E00CB5793 /* ObjCExample */,
			);
		};
/* End PBXProject section */

/* Begin PBXResourcesBuildPhase section */
		FC4C040229EFFC5E00CB5793 /* Resources */ = {
			isa = PBXResourcesBuildPhase;
			buildActionMask = 2147483647;
			files = (
				FC4C041729EFFC6000CB5793 /* LaunchScreen.storyboard in Resources */,
				FC4C041429EFFC6000CB5793 /* Assets.xcassets in Resources */,
				FC4C041229EFFC5E00CB5793 /* Main.storyboard in Resources */,
			);
			runOnlyForDeploymentPostprocessing = 0;
		};
/* End PBXResourcesBuildPhase section */

/* Begin PBXSourcesBuildPhase section */
		FC4C040029EFFC5E00CB5793 /* Sources */ = {
			isa = PBXSourcesBuildPhase;
			buildActionMask = 2147483647;
			files = (
				FC4C040F29EFFC5E00CB5793 /* ViewController.m in Sources */,
				FC4C040929EFFC5E00CB5793 /* AppDelegate.m in Sources */,
				FC4C041A29EFFC6000CB5793 /* main.m in Sources */,
				FC4C040C29EFFC5E00CB5793 /* SceneDelegate.m in Sources */,
			);
			runOnlyForDeploymentPostprocessing = 0;
		};
/* End PBXSourcesBuildPhase section */

/* Begin PBXVariantGroup section */
		FC4C041029EFFC5E00CB5793 /* Main.storyboard */ = {
			isa = PBXVariantGroup;
			children = (
				FC4C041129EFFC5E00CB5793 /* Base */,
			);
			name = Main.storyboard;
			sourceTree = "<group>";
		};
		FC4C041529EFFC6000CB5793 /* LaunchScreen.storyboard */ = {
			isa = PBXVariantGroup;
			children = (
				FC4C041629EFFC6000CB5793 /* Base */,
			);
			name = LaunchScreen.storyboard;
			sourceTree = "<group>";
		};
/* End PBXVariantGroup section */

/* Begin XCBuildConfiguration section */
		FC4C041B29EFFC6000CB5793 /* Debug */ = {
			isa = XCBuildConfiguration;
			buildSettings = {
				ALWAYS_SEARCH_USER_PATHS = NO;
				CLANG_ANALYZER_NONNULL = YES;
				CLANG_ANALYZER_NUMBER_OBJECT_CONVERSION = YES_AGGRESSIVE;
				CLANG_CXX_LANGUAGE_STANDARD = "gnu++20";
				CLANG_ENABLE_MODULES = YES;
				CLANG_ENABLE_OBJC_ARC = YES;
				CLANG_ENABLE_OBJC_WEAK = YES;
				CLANG_WARN_BLOCK_CAPTURE_AUTORELEASING = YES;
				CLANG_WARN_BOOL_CONVERSION = YES;
				CLANG_WARN_COMMA = YES;
				CLANG_WARN_CONSTANT_CONVERSION = YES;
				CLANG_WARN_DEPRECATED_OBJC_IMPLEMENTATIONS = YES;
				CLANG_WARN_DIRECT_OBJC_ISA_USAGE = YES_ERROR;
				CLANG_WARN_DOCUMENTATION_COMMENTS = YES;
				CLANG_WARN_EMPTY_BODY = YES;
				CLANG_WARN_ENUM_CONVERSION = YES;
				CLANG_WARN_INFINITE_RECURSION = YES;
				CLANG_WARN_INT_CONVERSION = YES;
				CLANG_WARN_NON_LITERAL_NULL_CONVERSION = YES;
				CLANG_WARN_OBJC_IMPLICIT_RETAIN_SELF = YES;
				CLANG_WARN_OBJC_LITERAL_CONVERSION = YES;
				CLANG_WARN_OBJC_ROOT_CLASS = YES_ERROR;
				CLANG_WARN_QUOTED_INCLUDE_IN_FRAMEWORK_HEADER = YES;
				CLANG_WARN_RANGE_LOOP_ANALYSIS = YES;
				CLANG_WARN_STRICT_PROTOTYPES = YES;
				CLANG_WARN_SUSPICIOUS_MOVE = YES;
				CLANG_WARN_UNGUARDED_AVAILABILITY = YES_AGGRESSIVE;
				CLANG_WARN_UNREACHABLE_CODE = YES;
				CLANG_WARN__DUPLICATE_METHOD_MATCH = YES;
				COPY_PHASE_STRIP = NO;
				DEBUG_INFORMATION_FORMAT = dwarf;
				ENABLE_STRICT_OBJC_MSGSEND = YES;
				ENABLE_TESTABILITY = YES;
				GCC_C_LANGUAGE_STANDARD = gnu11;
				GCC_DYNAMIC_NO_PIC = NO;
				GCC_NO_COMMON_BLOCKS = YES;
				GCC_OPTIMIZATION_LEVEL = 0;
				GCC_PREPROCESSOR_DEFINITIONS = (
					"DEBUG=1",
					"$(inherited)",
				);
				GCC_WARN_64_TO_32_BIT_CONVERSION = YES;
				GCC_WARN_ABOUT_RETURN_TYPE = YES_ERROR;
				GCC_WARN_UNDECLARED_SELECTOR = YES;
				GCC_WARN_UNINITIALIZED_AUTOS = YES_AGGRESSIVE;
				GCC_WARN_UNUSED_FUNCTION = YES;
				GCC_WARN_UNUSED_VARIABLE = YES;
				IPHONEOS_DEPLOYMENT_TARGET = 16.4;
				MTL_ENABLE_DEBUG_INFO = INCLUDE_SOURCE;
				MTL_FAST_MATH = YES;
				ONLY_ACTIVE_ARCH = YES;
				SDKROOT = iphoneos;
			};
			name = Debug;
		};
		FC4C041C29EFFC6000CB5793 /* Release */ = {
			isa = XCBuildConfiguration;
			buildSettings = {
				ALWAYS_SEARCH_USER_PATHS = NO;
				CLANG_ANALYZER_NONNULL = YES;
				CLANG_ANALYZER_NUMBER_OBJECT_CONVERSION = YES_AGGRESSIVE;
				CLANG_CXX_LANGUAGE_STANDARD = "gnu++20";
				CLANG_ENABLE_MODULES = YES;
				CLANG_ENABLE_OBJC_ARC = YES;
				CLANG_ENABLE_OBJC_WEAK = YES;
				CLANG_WARN_BLOCK_CAPTURE_AUTORELEASING = YES;
				CLANG_WARN_BOOL_CONVERSION = YES;
				CLANG_WARN_COMMA = YES;
				CLANG_WARN_CONSTANT_CONVERSION = YES;
				CLANG_WARN_DEPRECATED_OBJC_IMPLEMENTATIONS = YES;
				CLANG_WARN_DIRECT_OBJC_ISA_USAGE = YES_ERROR;
				CLANG_WARN_DOCUMENTATION_COMMENTS = YES;
				CLANG_WARN_EMPTY_BODY = YES;
				CLANG_WARN_ENUM_CONVERSION = YES;
				CLANG_WARN_INFINITE_RECURSION = YES;
				CLANG_WARN_INT_CONVERSION = YES;
				CLANG_WARN_NON_LITERAL_NULL_CONVERSION = YES;
				CLANG_WARN_OBJC_IMPLICIT_RETAIN_SELF = YES;
				CLANG_WARN_OBJC_LITERAL_CONVERSION = YES;
				CLANG_WARN_OBJC_ROOT_CLASS = YES_ERROR;
				CLANG_WARN_QUOTED_INCLUDE_IN_FRAMEWORK_HEADER = YES;
				CLANG_WARN_RANGE_LOOP_ANALYSIS = YES;
				CLANG_WARN_STRICT_PROTOTYPES = YES;
				CLANG_WARN_SUSPICIOUS_MOVE = YES;
				CLANG_WARN_UNGUARDED_AVAILABILITY = YES_AGGRESSIVE;
				CLANG_WARN_UNREACHABLE_CODE = YES;
				CLANG_WARN__DUPLICATE_METHOD_MATCH = YES;
				COPY_PHASE_STRIP = NO;
				DEBUG_INFORMATION_FORMAT = "dwarf-with-dsym";
				ENABLE_NS_ASSERTIONS = NO;
				ENABLE_STRICT_OBJC_MSGSEND = YES;
				GCC_C_LANGUAGE_STANDARD = gnu11;
				GCC_NO_COMMON_BLOCKS = YES;
				GCC_WARN_64_TO_32_BIT_CONVERSION = YES;
				GCC_WARN_ABOUT_RETURN_TYPE = YES_ERROR;
				GCC_WARN_UNDECLARED_SELECTOR = YES;
				GCC_WARN_UNINITIALIZED_AUTOS = YES_AGGRESSIVE;
				GCC_WARN_UNUSED_FUNCTION = YES;
				GCC_WARN_UNUSED_VARIABLE = YES;
				IPHONEOS_DEPLOYMENT_TARGET = 16.4;
				MTL_ENABLE_DEBUG_INFO = NO;
				MTL_FAST_MATH = YES;
				SDKROOT = iphoneos;
				VALIDATE_PRODUCT = YES;
			};
			name = Release;
		};
		FC4C041E29EFFC6000CB5793 /* Debug */ = {
			isa = XCBuildConfiguration;
			buildSettings = {
				ASSETCATALOG_COMPILER_APPICON_NAME = AppIcon;
				ASSETCATALOG_COMPILER_GLOBAL_ACCENT_COLOR_NAME = AccentColor;
				CODE_SIGN_STYLE = Automatic;
				CURRENT_PROJECT_VERSION = 1;
				DEVELOPMENT_TEAM = 6UQAD4B3U2;
				FRAMEWORK_SEARCH_PATHS = (
					"$(inherited)",
					"@executable_path/Frameworks",
				);
				GENERATE_INFOPLIST_FILE = YES;
				HEADER_SEARCH_PATHS = "";
				INFOPLIST_FILE = ObjCExample/Info.plist;
				INFOPLIST_KEY_UIApplicationSupportsIndirectInputEvents = YES;
				INFOPLIST_KEY_UILaunchStoryboardName = LaunchScreen;
				INFOPLIST_KEY_UIMainStoryboardFile = Main;
				INFOPLIST_KEY_UISupportedInterfaceOrientations_iPad = "UIInterfaceOrientationPortrait UIInterfaceOrientationPortraitUpsideDown UIInterfaceOrientationLandscapeLeft UIInterfaceOrientationLandscapeRight";
				INFOPLIST_KEY_UISupportedInterfaceOrientations_iPhone = "UIInterfaceOrientationPortrait UIInterfaceOrientationLandscapeLeft UIInterfaceOrientationLandscapeRight";
				LD_RUNPATH_SEARCH_PATHS = (
					"$(inherited)",
					"@executable_path/Frameworks",
					"@loader_path/Frameworks",
				);
				MARKETING_VERSION = 1.0;
				PRODUCT_BUNDLE_IDENTIFIER = com.appsflyer.ObjCExample;
				PRODUCT_NAME = "$(TARGET_NAME)";
				REEXPORTED_FRAMEWORK_NAMES = "";
				SWIFT_EMIT_LOC_STRINGS = YES;
				TARGETED_DEVICE_FAMILY = "1,2";
			};
			name = Debug;
		};
		FC4C041F29EFFC6000CB5793 /* Release */ = {
			isa = XCBuildConfiguration;
			buildSettings = {
				ASSETCATALOG_COMPILER_APPICON_NAME = AppIcon;
				ASSETCATALOG_COMPILER_GLOBAL_ACCENT_COLOR_NAME = AccentColor;
				CODE_SIGN_STYLE = Automatic;
				CURRENT_PROJECT_VERSION = 1;
				DEVELOPMENT_TEAM = 6UQAD4B3U2;
				FRAMEWORK_SEARCH_PATHS = (
					"$(inherited)",
					"@executable_path/Frameworks",
				);
				GENERATE_INFOPLIST_FILE = YES;
				HEADER_SEARCH_PATHS = "";
				INFOPLIST_FILE = ObjCExample/Info.plist;
				INFOPLIST_KEY_UIApplicationSupportsIndirectInputEvents = YES;
				INFOPLIST_KEY_UILaunchStoryboardName = LaunchScreen;
				INFOPLIST_KEY_UIMainStoryboardFile = Main;
				INFOPLIST_KEY_UISupportedInterfaceOrientations_iPad = "UIInterfaceOrientationPortrait UIInterfaceOrientationPortraitUpsideDown UIInterfaceOrientationLandscapeLeft UIInterfaceOrientationLandscapeRight";
				INFOPLIST_KEY_UISupportedInterfaceOrientations_iPhone = "UIInterfaceOrientationPortrait UIInterfaceOrientationLandscapeLeft UIInterfaceOrientationLandscapeRight";
				LD_RUNPATH_SEARCH_PATHS = (
					"$(inherited)",
					"@executable_path/Frameworks",
					"@loader_path/Frameworks",
				);
				MARKETING_VERSION = 1.0;
				PRODUCT_BUNDLE_IDENTIFIER = com.appsflyer.ObjCExample;
				PRODUCT_NAME = "$(TARGET_NAME)";
				REEXPORTED_FRAMEWORK_NAMES = "";
				SWIFT_EMIT_LOC_STRINGS = YES;
				TARGETED_DEVICE_FAMILY = "1,2";
			};
			name = Release;
		};
/* End XCBuildConfiguration section */

/* Begin XCConfigurationList section */
		FC4C03FF29EFFC5E00CB5793 /* Build configuration list for PBXProject "ObjCExample" */ = {
			isa = XCConfigurationList;
			buildConfigurations = (
				FC4C041B29EFFC6000CB5793 /* Debug */,
				FC4C041C29EFFC6000CB5793 /* Release */,
			);
			defaultConfigurationIsVisible = 0;
			defaultConfigurationName = Release;
		};
		FC4C041D29EFFC6000CB5793 /* Build configuration list for PBXNativeTarget "ObjCExample" */ = {
			isa = XCConfigurationList;
			buildConfigurations = (
				FC4C041E29EFFC6000CB5793 /* Debug */,
				FC4C041F29EFFC6000CB5793 /* Release */,
			);
			defaultConfigurationIsVisible = 0;
			defaultConfigurationName = Release;
		};
/* End XCConfigurationList section */
	};
	rootObject = FC4C03FC29EFFC5E00CB5793 /* Project object */;
}
